
Microsoft Visual Studio Solution File, Format Version 12.00
# Visual Studio Version 17
VisualStudioVersion = 17.2.32616.157
MinimumVisualStudioVersion = 10.0.40219.1
Project("{FAE04EC0-301F-11D3-BF4B-00C04F79EFBC}") = "Ado_net", "Ado_net\Ado_net.csproj", "{FD714DA0-D818-4C14-995B-0C7A7761D182}"
EndProject
Global
	GlobalSection(SolutionConfigurationPlatforms) = preSolution
		Debug|Any CPU = Debug|Any CPU
		Release|Any CPU = Release|Any CPU
	EndGlobalSection
	GlobalSection(ProjectConfigurationPlatforms) = postSolution
		{FD714DA0-D818-4C14-995B-0C7A7761D182}.Debug|Any CPU.ActiveCfg = Debug|Any CPU
		{FD714DA0-D818-4C14-995B-0C7A7761D182}.Debug|Any CPU.Build.0 = Debug|Any CPU
		{FD714DA0-D818-4C14-995B-0C7A7761D182}.Release|Any CPU.ActiveCfg = Release|Any CPU
		{FD714DA0-D818-4C14-995B-0C7A7761D182}.Release|Any CPU.Build.0 = Release|Any CPU
	EndGlobalSection
	GlobalSection(SolutionProperties) = preSolution
		HideSolutionNode = FALSE
	EndGlobalSection
	GlobalSection(ExtensibilityGlobals) = postSolution
		SolutionGuid = {E0A3874C-74F6-4C0E-AFA5-207FEA549F5D}
	EndGlobalSection
EndGlobal
