
Microsoft Visual Studio Solution File, Format Version 12.00
# Visual Studio Version 17
VisualStudioVersion = 17.2.32616.157
MinimumVisualStudioVersion = 10.0.40219.1
Project("{FAE04EC0-301F-11D3-BF4B-00C04F79EFBC}") = "UnitTesting", "UnitTesting.csproj", "{05F279AE-F547-45D2-B4B5-F1757FB1F794}"
EndProject
Project("{FAE04EC0-301F-11D3-BF4B-00C04F79EFBC}") = "UnitTestingTest", "..\UnitTestingTest\UnitTestingTest.csproj", "{B26146F2-E7C4-484A-B29C-6868B2B9C254}"
EndProject
Global
	GlobalSection(SolutionConfigurationPlatforms) = preSolution
		Debug|Any CPU = Debug|Any CPU
		Release|Any CPU = Release|Any CPU
	EndGlobalSection
	GlobalSection(ProjectConfigurationPlatforms) = postSolution
		{05F279AE-F547-45D2-B4B5-F1757FB1F794}.Debug|Any CPU.ActiveCfg = Debug|Any CPU
		{05F279AE-F547-45D2-B4B5-F1757FB1F794}.Debug|Any CPU.Build.0 = Debug|Any CPU
		{05F279AE-F547-45D2-B4B5-F1757FB1F794}.Release|Any CPU.ActiveCfg = Release|Any CPU
		{05F279AE-F547-45D2-B4B5-F1757FB1F794}.Release|Any CPU.Build.0 = Release|Any CPU
		{B26146F2-E7C4-484A-B29C-6868B2B9C254}.Debug|Any CPU.ActiveCfg = Debug|Any CPU
		{B26146F2-E7C4-484A-B29C-6868B2B9C254}.Debug|Any CPU.Build.0 = Debug|Any CPU
		{B26146F2-E7C4-484A-B29C-6868B2B9C254}.Release|Any CPU.ActiveCfg = Release|Any CPU
		{B26146F2-E7C4-484A-B29C-6868B2B9C254}.Release|Any CPU.Build.0 = Release|Any CPU
	EndGlobalSection
	GlobalSection(SolutionProperties) = preSolution
		HideSolutionNode = FALSE
	EndGlobalSection
	GlobalSection(ExtensibilityGlobals) = postSolution
		SolutionGuid = {B7C38030-F383-49A2-B38B-88DB109A7A40}
	EndGlobalSection
EndGlobal
