
Microsoft Visual Studio Solution File, Format Version 12.00
# Visual Studio Version 17
VisualStudioVersion = 17.2.32616.157
MinimumVisualStudioVersion = 10.0.40219.1
Project("{FAE04EC0-301F-11D3-BF4B-00C04F79EFBC}") = "BankProject", "BankProject\BankProject.csproj", "{955DB0F2-3D5B-4C07-8CF5-7A56611A4C1D}"
EndProject
Global
	GlobalSection(SolutionConfigurationPlatforms) = preSolution
		Debug|Any CPU = Debug|Any CPU
		Release|Any CPU = Release|Any CPU
	EndGlobalSection
	GlobalSection(ProjectConfigurationPlatforms) = postSolution
		{955DB0F2-3D5B-4C07-8CF5-7A56611A4C1D}.Debug|Any CPU.ActiveCfg = Debug|Any CPU
		{955DB0F2-3D5B-4C07-8CF5-7A56611A4C1D}.Debug|Any CPU.Build.0 = Debug|Any CPU
		{955DB0F2-3D5B-4C07-8CF5-7A56611A4C1D}.Release|Any CPU.ActiveCfg = Release|Any CPU
		{955DB0F2-3D5B-4C07-8CF5-7A56611A4C1D}.Release|Any CPU.Build.0 = Release|Any CPU
	EndGlobalSection
	GlobalSection(SolutionProperties) = preSolution
		HideSolutionNode = FALSE
	EndGlobalSection
	GlobalSection(ExtensibilityGlobals) = postSolution
		SolutionGuid = {472F3C2B-2675-4012-A083-99C9D9280BF6}
	EndGlobalSection
EndGlobal
