
Microsoft Visual Studio Solution File, Format Version 12.00
# Visual Studio Version 17
VisualStudioVersion = 17.2.32526.322
MinimumVisualStudioVersion = 10.0.40219.1
Project("{FAE04EC0-301F-11D3-BF4B-00C04F79EFBC}") = "numbers", "numbers\numbers.csproj", "{8C6E996B-11A3-4CCF-87AB-EC353B1ECCC3}"
EndProject
Global
	GlobalSection(SolutionConfigurationPlatforms) = preSolution
		Debug|Any CPU = Debug|Any CPU
		Release|Any CPU = Release|Any CPU
	EndGlobalSection
	GlobalSection(ProjectConfigurationPlatforms) = postSolution
		{8C6E996B-11A3-4CCF-87AB-EC353B1ECCC3}.Debug|Any CPU.ActiveCfg = Debug|Any CPU
		{8C6E996B-11A3-4CCF-87AB-EC353B1ECCC3}.Debug|Any CPU.Build.0 = Debug|Any CPU
		{8C6E996B-11A3-4CCF-87AB-EC353B1ECCC3}.Release|Any CPU.ActiveCfg = Release|Any CPU
		{8C6E996B-11A3-4CCF-87AB-EC353B1ECCC3}.Release|Any CPU.Build.0 = Release|Any CPU
	EndGlobalSection
	GlobalSection(SolutionProperties) = preSolution
		HideSolutionNode = FALSE
	EndGlobalSection
	GlobalSection(ExtensibilityGlobals) = postSolution
		SolutionGuid = {F28B82A5-6F78-482F-BBF5-7EC9638F84E6}
	EndGlobalSection
EndGlobal
